{
  "name": "reqroute",
  "version": "0.1.3",
  "lockfileVersion": 2,
  "requires": true,
  "packages": {
    "": {
      "name": "reqroute",
      "version": "0.1.3",
      "license": "ISC",
      "devDependencies": {
        "spekky": "^0.1.3"
      }
    },
    "node_modules/spekky": {
      "version": "0.1.3",
      "resolved": "https://registry.npmjs.org/spekky/-/spekky-0.1.3.tgz",
      "integrity": "sha512-+rQaSEU59Bf4SwJkKrdbxgfZkpBj09Gz36KoqYj/8F5FoDBayexRe0ejUqGQaGOG48cuHZ0tufYtzTjJFUJ6zQ==",
      "dev": true,
      "license": "ISC"
    }
  },
  "dependencies": {
    "spekky": {
      "version": "0.1.3",
      "resolved": "https://registry.npmjs.org/spekky/-/spekky-0.1.3.tgz",
      "integrity": "sha512-+rQaSEU59Bf4SwJkKrdbxgfZkpBj09Gz36KoqYj/8F5FoDBayexRe0ejUqGQaGOG48cuHZ0tufYtzTjJFUJ6zQ==",
      "dev": true
    }
  }
}
